
Microsoft Visual Studio Solution File, Format Version 12.00
# Visual Studio Version 17
VisualStudioVersion = 17.11.35222.181
MinimumVisualStudioVersion = 10.0.40219.1
Project("{FAE04EC0-301F-11D3-BF4B-00C04F79EFBC}") = "PublicTransportNavigator", "PublicTransportNavigator.csproj", "{E31C9060-41FC-4A88-A545-AC74EE4142AA}"
EndProject
Global
	GlobalSection(SolutionConfigurationPlatforms) = preSolution
		Debug|Any CPU = Debug|Any CPU
		Release|Any CPU = Release|Any CPU
	EndGlobalSection
	GlobalSection(ProjectConfigurationPlatforms) = postSolution
		{E31C9060-41FC-4A88-A545-AC74EE4142AA}.Debug|Any CPU.ActiveCfg = Debug|Any CPU
		{E31C9060-41FC-4A88-A545-AC74EE4142AA}.Debug|Any CPU.Build.0 = Debug|Any CPU
		{E31C9060-41FC-4A88-A545-AC74EE4142AA}.Release|Any CPU.ActiveCfg = Release|Any CPU
		{E31C9060-41FC-4A88-A545-AC74EE4142AA}.Release|Any CPU.Build.0 = Release|Any CPU
	EndGlobalSection
	GlobalSection(SolutionProperties) = preSolution
		HideSolutionNode = FALSE
	EndGlobalSection
	GlobalSection(ExtensibilityGlobals) = postSolution
		SolutionGuid = {9B7558B0-17B5-43A9-9E45-5C74EF4D13F1}
	EndGlobalSection
EndGlobal
